
Microsoft Visual Studio Solution File, Format Version 12.00
# Visual Studio 14
VisualStudioVersion = 14.0.23107.0
MinimumVisualStudioVersion = 10.0.40219.1
Project("{FAE04EC0-301F-11D3-BF4B-00C04F79EFBC}") = "FsxApi", "FsxApi\FsxApi.csproj", "{0037D71F-F977-4ECA-8D4B-31961968111A}"
EndProject
Global
	GlobalSection(SolutionConfigurationPlatforms) = preSolution
		Debug|Any CPU = Debug|Any CPU
		Release|Any CPU = Release|Any CPU
	EndGlobalSection
	GlobalSection(ProjectConfigurationPlatforms) = postSolution
		{0037D71F-F977-4ECA-8D4B-31961968111A}.Debug|Any CPU.ActiveCfg = Debug|Any CPU
		{0037D71F-F977-4ECA-8D4B-31961968111A}.Debug|Any CPU.Build.0 = Debug|Any CPU
		{0037D71F-F977-4ECA-8D4B-31961968111A}.Release|Any CPU.ActiveCfg = Release|Any CPU
		{0037D71F-F977-4ECA-8D4B-31961968111A}.Release|Any CPU.Build.0 = Release|Any CPU
	EndGlobalSection
	GlobalSection(SolutionProperties) = preSolution
		HideSolutionNode = FALSE
	EndGlobalSection
EndGlobal
